// !$*UTF8*$!
{
	archiveVersion = 1;
	classes = {
	};
	objectVersion = 56;
	objects = {

/* Begin PBXBuildFile section */
		FF6D40182B8BB0E90073F26D /* Contact.swift in Sources */ = {isa = PBXBuildFile; fileRef = FF6D40172B8BB0E90073F26D /* Contact.swift */; };
		FF6D40192B8BB0E90073F26D /* Contact.swift in Sources */ = {isa = PBXBuildFile; fileRef = FF6D40172B8BB0E90073F26D /* Contact.swift */; };
		FF9CEB0A2B8BE178001A3157 /* ContactEntity.swift in Sources */ = {isa = PBXBuildFile; fileRef = FF9CEB092B8BE178001A3157 /* ContactEntity.swift */; };
		FF9CEB0B2B8BE178001A3157 /* ContactEntity.swift in Sources */ = {isa = PBXBuildFile; fileRef = FF9CEB092B8BE178001A3157 /* ContactEntity.swift */; };
		FF9CEB0F2B8BF460001A3157 /* Secrets.plist in Resources */ = {isa = PBXBuildFile; fileRef = FF9CEB0E2B8BF460001A3157 /* Secrets.plist */; };
		FF9CEB102B8BF460001A3157 /* Secrets.plist in Resources */ = {isa = PBXBuildFile; fileRef = FF9CEB0E2B8BF460001A3157 /* Secrets.plist */; };
		FF9CEB182B8BFA91001A3157 /* .gitignore in Resources */ = {isa = PBXBuildFile; fileRef = FF9CEB172B8BFA91001A3157 /* .gitignore */; };
		FF9CEB192B8BFA91001A3157 /* .gitignore in Resources */ = {isa = PBXBuildFile; fileRef = FF9CEB172B8BFA91001A3157 /* .gitignore */; };
		FF9CEB1B2B8BFB42001A3157 /* README.md in Resources */ = {isa = PBXBuildFile; fileRef = FF9CEB1A2B8BFB42001A3157 /* README.md */; };
		FF9CEB1C2B8BFB42001A3157 /* README.md in Resources */ = {isa = PBXBuildFile; fileRef = FF9CEB1A2B8BFB42001A3157 /* README.md */; };
		FFD62DB62B8B2A4100FDCB75 /* StashApp.swift in Sources */ = {isa = PBXBuildFile; fileRef = FFD62DB52B8B2A4100FDCB75 /* StashApp.swift */; };
		FFD62DB82B8B2A4100FDCB75 /* ContentView.swift in Sources */ = {isa = PBXBuildFile; fileRef = FFD62DB72B8B2A4100FDCB75 /* ContentView.swift */; };
		FFD62DBA2B8B2A4200FDCB75 /* Assets.xcassets in Resources */ = {isa = PBXBuildFile; fileRef = FFD62DB92B8B2A4200FDCB75 /* Assets.xcassets */; };
		FFD62DBD2B8B2A4200FDCB75 /* Preview Assets.xcassets in Resources */ = {isa = PBXBuildFile; fileRef = FFD62DBC2B8B2A4200FDCB75 /* Preview Assets.xcassets */; };
		FFD62DC52B8B2D5300FDCB75 /* ContactRow.swift in Sources */ = {isa = PBXBuildFile; fileRef = FFD62DC42B8B2D5300FDCB75 /* ContactRow.swift */; };
		FFD62DCA2B8B338500FDCB75 /* ContactsView.swift in Sources */ = {isa = PBXBuildFile; fileRef = FFD62DC92B8B338500FDCB75 /* ContactsView.swift */; };
		FFD62DCD2B8B33A300FDCB75 /* ContactViewModel.swift in Sources */ = {isa = PBXBuildFile; fileRef = FFD62DCC2B8B33A300FDCB75 /* ContactViewModel.swift */; };
		FFD62DCF2B8B486700FDCB75 /* NewContactView.swift in Sources */ = {isa = PBXBuildFile; fileRef = FFD62DCE2B8B486700FDCB75 /* NewContactView.swift */; };
		FFD62DD22B8B53BA00FDCB75 /* Constants.swift in Sources */ = {isa = PBXBuildFile; fileRef = FFD62DD12B8B53BA00FDCB75 /* Constants.swift */; };
		FFD62DD42B8B5A3D00FDCB75 /* ContextMenuItem.swift in Sources */ = {isa = PBXBuildFile; fileRef = FFD62DD32B8B5A3D00FDCB75 /* ContextMenuItem.swift */; };
		FFD62DD62B8B614000FDCB75 /* EditContactView.swift in Sources */ = {isa = PBXBuildFile; fileRef = FFD62DD52B8B614000FDCB75 /* EditContactView.swift */; };
		FFD62DD82B8B67A100FDCB75 /* ContactDetailsView.swift in Sources */ = {isa = PBXBuildFile; fileRef = FFD62DD72B8B67A100FDCB75 /* ContactDetailsView.swift */; };
		FFD62E272B8B9C5A00FDCB75 /* CallDirectoryHandler.swift in Sources */ = {isa = PBXBuildFile; fileRef = FFD62E262B8B9C5A00FDCB75 /* CallDirectoryHandler.swift */; };
		FFD62E2B2B8B9C5A00FDCB75 /* CallDirectoryExtension.appex in Embed Foundation Extensions */ = {isa = PBXBuildFile; fileRef = FFD62E242B8B9C5A00FDCB75 /* CallDirectoryExtension.appex */; settings = {ATTRIBUTES = (RemoveHeadersOnCopy, ); }; };
		FFD62E532B8BAA7500FDCB75 /* DataStore.swift in Sources */ = {isa = PBXBuildFile; fileRef = FFD62E522B8BAA7500FDCB75 /* DataStore.swift */; };
		FFD62E542B8BAA7500FDCB75 /* DataStore.swift in Sources */ = {isa = PBXBuildFile; fileRef = FFD62E522B8BAA7500FDCB75 /* DataStore.swift */; };
/* End PBXBuildFile section */

/* Begin PBXContainerItemProxy section */
		FFD62E292B8B9C5A00FDCB75 /* PBXContainerItemProxy */ = {
			isa = PBXContainerItemProxy;
			containerPortal = FFD62DAA2B8B2A4100FDCB75 /* Project object */;
			proxyType = 1;
			remoteGlobalIDString = FFD62E232B8B9C5A00FDCB75;
			remoteInfo = CallDirectoryExtension;
		};
/* End PBXContainerItemProxy section */

/* Begin PBXCopyFilesBuildPhase section */
		FFD62E2C2B8B9C5A00FDCB75 /* Embed Foundation Extensions */ = {
			isa = PBXCopyFilesBuildPhase;
			buildActionMask = 2147483647;
			dstPath = "";
			dstSubfolderSpec = 13;
			files = (
				FFD62E2B2B8B9C5A00FDCB75 /* CallDirectoryExtension.appex in Embed Foundation Extensions */,
			);
			name = "Embed Foundation Extensions";
			runOnlyForDeploymentPostprocessing = 0;
		};
/* End PBXCopyFilesBuildPhase section */

/* Begin PBXFileReference section */
		FF6D40172B8BB0E90073F26D /* Contact.swift */ = {isa = PBXFileReference; lastKnownFileType = sourcecode.swift; path = Contact.swift; sourceTree = "<group>"; };
		FF9CEB092B8BE178001A3157 /* ContactEntity.swift */ = {isa = PBXFileReference; lastKnownFileType = sourcecode.swift; path = ContactEntity.swift; sourceTree = "<group>"; };
		FF9CEB0C2B8BE3E3001A3157 /* Stash.entitlements */ = {isa = PBXFileReference; lastKnownFileType = text.plist.entitlements; path = Stash.entitlements; sourceTree = "<group>"; };
		FF9CEB0D2B8BE40C001A3157 /* CallDirectoryExtension.entitlements */ = {isa = PBXFileReference; lastKnownFileType = text.plist.entitlements; path = CallDirectoryExtension.entitlements; sourceTree = "<group>"; };
		FF9CEB0E2B8BF460001A3157 /* Secrets.plist */ = {isa = PBXFileReference; lastKnownFileType = text.plist.xml; path = Secrets.plist; sourceTree = "<group>"; };
		FF9CEB172B8BFA91001A3157 /* .gitignore */ = {isa = PBXFileReference; fileEncoding = 4; lastKnownFileType = text; path = .gitignore; sourceTree = "<group>"; };
		FF9CEB1A2B8BFB42001A3157 /* README.md */ = {isa = PBXFileReference; fileEncoding = 4; lastKnownFileType = net.daringfireball.markdown; path = README.md; sourceTree = "<group>"; };
		FFD62DB22B8B2A4100FDCB75 /* Stash.app */ = {isa = PBXFileReference; explicitFileType = wrapper.application; includeInIndex = 0; path = Stash.app; sourceTree = BUILT_PRODUCTS_DIR; };
		FFD62DB52B8B2A4100FDCB75 /* StashApp.swift */ = {isa = PBXFileReference; lastKnownFileType = sourcecode.swift; path = StashApp.swift; sourceTree = "<group>"; };
		FFD62DB72B8B2A4100FDCB75 /* ContentView.swift */ = {isa = PBXFileReference; lastKnownFileType = sourcecode.swift; path = ContentView.swift; sourceTree = "<group>"; };
		FFD62DB92B8B2A4200FDCB75 /* Assets.xcassets */ = {isa = PBXFileReference; lastKnownFileType = folder.assetcatalog; path = Assets.xcassets; sourceTree = "<group>"; };
		FFD62DBC2B8B2A4200FDCB75 /* Preview Assets.xcassets */ = {isa = PBXFileReference; lastKnownFileType = folder.assetcatalog; path = "Preview Assets.xcassets"; sourceTree = "<group>"; };
		FFD62DC42B8B2D5300FDCB75 /* ContactRow.swift */ = {isa = PBXFileReference; lastKnownFileType = sourcecode.swift; path = ContactRow.swift; sourceTree = "<group>"; };
		FFD62DC92B8B338500FDCB75 /* ContactsView.swift */ = {isa = PBXFileReference; lastKnownFileType = sourcecode.swift; path = ContactsView.swift; sourceTree = "<group>"; };
		FFD62DCC2B8B33A300FDCB75 /* ContactViewModel.swift */ = {isa = PBXFileReference; lastKnownFileType = sourcecode.swift; path = ContactViewModel.swift; sourceTree = "<group>"; };
		FFD62DCE2B8B486700FDCB75 /* NewContactView.swift */ = {isa = PBXFileReference; lastKnownFileType = sourcecode.swift; path = NewContactView.swift; sourceTree = "<group>"; };
		FFD62DD12B8B53BA00FDCB75 /* Constants.swift */ = {isa = PBXFileReference; lastKnownFileType = sourcecode.swift; path = Constants.swift; sourceTree = "<group>"; };
		FFD62DD32B8B5A3D00FDCB75 /* ContextMenuItem.swift */ = {isa = PBXFileReference; lastKnownFileType = sourcecode.swift; path = ContextMenuItem.swift; sourceTree = "<group>"; };
		FFD62DD52B8B614000FDCB75 /* EditContactView.swift */ = {isa = PBXFileReference; lastKnownFileType = sourcecode.swift; path = EditContactView.swift; sourceTree = "<group>"; };
		FFD62DD72B8B67A100FDCB75 /* ContactDetailsView.swift */ = {isa = PBXFileReference; lastKnownFileType = sourcecode.swift; path = ContactDetailsView.swift; sourceTree = "<group>"; };
		FFD62E242B8B9C5A00FDCB75 /* CallDirectoryExtension.appex */ = {isa = PBXFileReference; explicitFileType = "wrapper.app-extension"; includeInIndex = 0; path = CallDirectoryExtension.appex; sourceTree = BUILT_PRODUCTS_DIR; };
		FFD62E262B8B9C5A00FDCB75 /* CallDirectoryHandler.swift */ = {isa = PBXFileReference; lastKnownFileType = sourcecode.swift; path = CallDirectoryHandler.swift; sourceTree = "<group>"; };
		FFD62E282B8B9C5A00FDCB75 /* Info.plist */ = {isa = PBXFileReference; lastKnownFileType = text.plist.xml; path = Info.plist; sourceTree = "<group>"; };
		FFD62E522B8BAA7500FDCB75 /* DataStore.swift */ = {isa = PBXFileReference; lastKnownFileType = sourcecode.swift; path = DataStore.swift; sourceTree = "<group>"; };
/* End PBXFileReference section */

/* Begin PBXFrameworksBuildPhase section */
		FFD62DAF2B8B2A4100FDCB75 /* Frameworks */ = {
			isa = PBXFrameworksBuildPhase;
			buildActionMask = 2147483647;
			files = (
			);
			runOnlyForDeploymentPostprocessing = 0;
		};
		FFD62E212B8B9C5A00FDCB75 /* Frameworks */ = {
			isa = PBXFrameworksBuildPhase;
			buildActionMask = 2147483647;
			files = (
			);
			runOnlyForDeploymentPostprocessing = 0;
		};
/* End PBXFrameworksBuildPhase section */

/* Begin PBXGroup section */
		FFD62DA92B8B2A4100FDCB75 = {
			isa = PBXGroup;
			children = (
				FF9CEB1A2B8BFB42001A3157 /* README.md */,
				FF9CEB172B8BFA91001A3157 /* .gitignore */,
				FFD62DB42B8B2A4100FDCB75 /* Stash */,
				FFD62E252B8B9C5A00FDCB75 /* CallDirectoryExtension */,
				FFD62DB32B8B2A4100FDCB75 /* Products */,
			);
			sourceTree = "<group>";
		};
		FFD62DB32B8B2A4100FDCB75 /* Products */ = {
			isa = PBXGroup;
			children = (
				FFD62DB22B8B2A4100FDCB75 /* Stash.app */,
				FFD62E242B8B9C5A00FDCB75 /* CallDirectoryExtension.appex */,
			);
			name = Products;
			sourceTree = "<group>";
		};
		FFD62DB42B8B2A4100FDCB75 /* Stash */ = {
			isa = PBXGroup;
			children = (
				FF9CEB0C2B8BE3E3001A3157 /* Stash.entitlements */,
				FFD62DD02B8B53A700FDCB75 /* Utils */,
				FFD62DCB2B8B339100FDCB75 /* ViewModels */,
				FFD62DC62B8B2D5B00FDCB75 /* Models */,
				FFD62DC32B8B2AAE00FDCB75 /* Views */,
				FFD62DB52B8B2A4100FDCB75 /* StashApp.swift */,
				FFD62DB72B8B2A4100FDCB75 /* ContentView.swift */,
				FFD62DB92B8B2A4200FDCB75 /* Assets.xcassets */,
				FFD62DBB2B8B2A4200FDCB75 /* Preview Content */,
				FF9CEB0E2B8BF460001A3157 /* Secrets.plist */,
			);
			path = Stash;
			sourceTree = "<group>";
		};
		FFD62DBB2B8B2A4200FDCB75 /* Preview Content */ = {
			isa = PBXGroup;
			children = (
				FFD62DBC2B8B2A4200FDCB75 /* Preview Assets.xcassets */,
			);
			path = "Preview Content";
			sourceTree = "<group>";
		};
		FFD62DC32B8B2AAE00FDCB75 /* Views */ = {
			isa = PBXGroup;
			children = (
				FFD62DC42B8B2D5300FDCB75 /* ContactRow.swift */,
				FFD62DC92B8B338500FDCB75 /* ContactsView.swift */,
				FFD62DCE2B8B486700FDCB75 /* NewContactView.swift */,
				FFD62DD32B8B5A3D00FDCB75 /* ContextMenuItem.swift */,
				FFD62DD52B8B614000FDCB75 /* EditContactView.swift */,
				FFD62DD72B8B67A100FDCB75 /* ContactDetailsView.swift */,
			);
			path = Views;
			sourceTree = "<group>";
		};
		FFD62DC62B8B2D5B00FDCB75 /* Models */ = {
			isa = PBXGroup;
			children = (
				FF6D40172B8BB0E90073F26D /* Contact.swift */,
				FF9CEB092B8BE178001A3157 /* ContactEntity.swift */,
			);
			path = Models;
			sourceTree = "<group>";
		};
		FFD62DCB2B8B339100FDCB75 /* ViewModels */ = {
			isa = PBXGroup;
			children = (
				FFD62DCC2B8B33A300FDCB75 /* ContactViewModel.swift */,
				FFD62E522B8BAA7500FDCB75 /* DataStore.swift */,
			);
			path = ViewModels;
			sourceTree = "<group>";
		};
		FFD62DD02B8B53A700FDCB75 /* Utils */ = {
			isa = PBXGroup;
			children = (
				FFD62DD12B8B53BA00FDCB75 /* Constants.swift */,
			);
			path = Utils;
			sourceTree = "<group>";
		};
		FFD62E252B8B9C5A00FDCB75 /* CallDirectoryExtension */ = {
			isa = PBXGroup;
			children = (
				FF9CEB0D2B8BE40C001A3157 /* CallDirectoryExtension.entitlements */,
				FFD62E262B8B9C5A00FDCB75 /* CallDirectoryHandler.swift */,
				FFD62E282B8B9C5A00FDCB75 /* Info.plist */,
			);
			path = CallDirectoryExtension;
			sourceTree = "<group>";
		};
/* End PBXGroup section */

/* Begin PBXNativeTarget section */
		FFD62DB12B8B2A4100FDCB75 /* Stash */ = {
			isa = PBXNativeTarget;
			buildConfigurationList = FFD62DC02B8B2A4200FDCB75 /* Build configuration list for PBXNativeTarget "Stash" */;
			buildPhases = (
				FFD62DAE2B8B2A4100FDCB75 /* Sources */,
				FFD62DAF2B8B2A4100FDCB75 /* Frameworks */,
				FFD62DB02B8B2A4100FDCB75 /* Resources */,
				FFD62E2C2B8B9C5A00FDCB75 /* Embed Foundation Extensions */,
			);
			buildRules = (
			);
			dependencies = (
				FFD62E2A2B8B9C5A00FDCB75 /* PBXTargetDependency */,
			);
			name = Stash;
			productName = Stash;
			productReference = FFD62DB22B8B2A4100FDCB75 /* Stash.app */;
			productType = "com.apple.product-type.application";
		};
		FFD62E232B8B9C5A00FDCB75 /* CallDirectoryExtension */ = {
			isa = PBXNativeTarget;
			buildConfigurationList = FFD62E2F2B8B9C5A00FDCB75 /* Build configuration list for PBXNativeTarget "CallDirectoryExtension" */;
			buildPhases = (
				FFD62E202B8B9C5A00FDCB75 /* Sources */,
				FFD62E212B8B9C5A00FDCB75 /* Frameworks */,
				FFD62E222B8B9C5A00FDCB75 /* Resources */,
			);
			buildRules = (
			);
			dependencies = (
			);
			name = CallDirectoryExtension;
			productName = CallDirectoryExtension;
			productReference = FFD62E242B8B9C5A00FDCB75 /* CallDirectoryExtension.appex */;
			productType = "com.apple.product-type.app-extension";
		};
/* End PBXNativeTarget section */

/* Begin PBXProject section */
		FFD62DAA2B8B2A4100FDCB75 /* Project object */ = {
			isa = PBXProject;
			attributes = {
				BuildIndependentTargetsInParallel = 1;
				LastSwiftUpdateCheck = 1520;
				LastUpgradeCheck = 1520;
				TargetAttributes = {
					FFD62DB12B8B2A4100FDCB75 = {
						CreatedOnToolsVersion = 15.2;
					};
					FFD62E232B8B9C5A00FDCB75 = {
						CreatedOnToolsVersion = 15.2;
					};
				};
			};
			buildConfigurationList = FFD62DAD2B8B2A4100FDCB75 /* Build configuration list for PBXProject "Stash" */;
			compatibilityVersion = "Xcode 14.0";
			developmentRegion = en;
			hasScannedForEncodings = 0;
			knownRegions = (
				en,
				Base,
			);
			mainGroup = FFD62DA92B8B2A4100FDCB75;
			productRefGroup = FFD62DB32B8B2A4100FDCB75 /* Products */;
			projectDirPath = "";
			projectRoot = "";
			targets = (
				FFD62DB12B8B2A4100FDCB75 /* Stash */,
				FFD62E232B8B9C5A00FDCB75 /* CallDirectoryExtension */,
			);
		};
/* End PBXProject section */

/* Begin PBXResourcesBuildPhase section */
		FFD62DB02B8B2A4100FDCB75 /* Resources */ = {
			isa = PBXResourcesBuildPhase;
			buildActionMask = 2147483647;
			files = (
				FF9CEB182B8BFA91001A3157 /* .gitignore in Resources */,
				FFD62DBD2B8B2A4200FDCB75 /* Preview Assets.xcassets in Resources */,
				FF9CEB1B2B8BFB42001A3157 /* README.md in Resources */,
				FF9CEB0F2B8BF460001A3157 /* Secrets.plist in Resources */,
				FFD62DBA2B8B2A4200FDCB75 /* Assets.xcassets in Resources */,
			);
			runOnlyForDeploymentPostprocessing = 0;
		};
		FFD62E222B8B9C5A00FDCB75 /* Resources */ = {
			isa = PBXResourcesBuildPhase;
			buildActionMask = 2147483647;
			files = (
				FF9CEB1C2B8BFB42001A3157 /* README.md in Resources */,
				FF9CEB192B8BFA91001A3157 /* .gitignore in Resources */,
				FF9CEB102B8BF460001A3157 /* Secrets.plist in Resources */,
			);
			runOnlyForDeploymentPostprocessing = 0;
		};
/* End PBXResourcesBuildPhase section */

/* Begin PBXSourcesBuildPhase section */
		FFD62DAE2B8B2A4100FDCB75 /* Sources */ = {
			isa = PBXSourcesBuildPhase;
			buildActionMask = 2147483647;
			files = (
				FFD62DD82B8B67A100FDCB75 /* ContactDetailsView.swift in Sources */,
				FFD62DCD2B8B33A300FDCB75 /* ContactViewModel.swift in Sources */,
				FFD62DB82B8B2A4100FDCB75 /* ContentView.swift in Sources */,
				FFD62DCF2B8B486700FDCB75 /* NewContactView.swift in Sources */,
				FF9CEB0A2B8BE178001A3157 /* ContactEntity.swift in Sources */,
				FFD62DB62B8B2A4100FDCB75 /* StashApp.swift in Sources */,
				FFD62E532B8BAA7500FDCB75 /* DataStore.swift in Sources */,
				FFD62DCA2B8B338500FDCB75 /* ContactsView.swift in Sources */,
				FF6D40182B8BB0E90073F26D /* Contact.swift in Sources */,
				FFD62DC52B8B2D5300FDCB75 /* ContactRow.swift in Sources */,
				FFD62DD62B8B614000FDCB75 /* EditContactView.swift in Sources */,
				FFD62DD22B8B53BA00FDCB75 /* Constants.swift in Sources */,
				FFD62DD42B8B5A3D00FDCB75 /* ContextMenuItem.swift in Sources */,
			);
			runOnlyForDeploymentPostprocessing = 0;
		};
		FFD62E202B8B9C5A00FDCB75 /* Sources */ = {
			isa = PBXSourcesBuildPhase;
			buildActionMask = 2147483647;
			files = (
				FF9CEB0B2B8BE178001A3157 /* ContactEntity.swift in Sources */,
				FFD62E272B8B9C5A00FDCB75 /* CallDirectoryHandler.swift in Sources */,
				FFD62E542B8BAA7500FDCB75 /* DataStore.swift in Sources */,
				FF6D40192B8BB0E90073F26D /* Contact.swift in Sources */,
			);
			runOnlyForDeploymentPostprocessing = 0;
		};
/* End PBXSourcesBuildPhase section */

/* Begin PBXTargetDependency section */
		FFD62E2A2B8B9C5A00FDCB75 /* PBXTargetDependency */ = {
			isa = PBXTargetDependency;
			target = FFD62E232B8B9C5A00FDCB75 /* CallDirectoryExtension */;
			targetProxy = FFD62E292B8B9C5A00FDCB75 /* PBXContainerItemProxy */;
		};
/* End PBXTargetDependency section */

/* Begin XCBuildConfiguration section */
		FFD62DBE2B8B2A4200FDCB75 /* Debug */ = {
			isa = XCBuildConfiguration;
			buildSettings = {
				ALWAYS_SEARCH_USER_PATHS = NO;
				ASSETCATALOG_COMPILER_GENERATE_SWIFT_ASSET_SYMBOL_EXTENSIONS = YES;
				CLANG_ANALYZER_NONNULL = YES;
				CLANG_ANALYZER_NUMBER_OBJECT_CONVERSION = YES_AGGRESSIVE;
				CLANG_CXX_LANGUAGE_STANDARD = "gnu++20";
				CLANG_ENABLE_MODULES = YES;
				CLANG_ENABLE_OBJC_ARC = YES;
				CLANG_ENABLE_OBJC_WEAK = YES;
				CLANG_WARN_BLOCK_CAPTURE_AUTORELEASING = YES;
				CLANG_WARN_BOOL_CONVERSION = YES;
				CLANG_WARN_COMMA = YES;
				CLANG_WARN_CONSTANT_CONVERSION = YES;
				CLANG_WARN_DEPRECATED_OBJC_IMPLEMENTATIONS = YES;
				CLANG_WARN_DIRECT_OBJC_ISA_USAGE = YES_ERROR;
				CLANG_WARN_DOCUMENTATION_COMMENTS = YES;
				CLANG_WARN_EMPTY_BODY = YES;
				CLANG_WARN_ENUM_CONVERSION = YES;
				CLANG_WARN_INFINITE_RECURSION = YES;
				CLANG_WARN_INT_CONVERSION = YES;
				CLANG_WARN_NON_LITERAL_NULL_CONVERSION = YES;
				CLANG_WARN_OBJC_IMPLICIT_RETAIN_SELF = YES;
				CLANG_WARN_OBJC_LITERAL_CONVERSION = YES;
				CLANG_WARN_OBJC_ROOT_CLASS = YES_ERROR;
				CLANG_WARN_QUOTED_INCLUDE_IN_FRAMEWORK_HEADER = YES;
				CLANG_WARN_RANGE_LOOP_ANALYSIS = YES;
				CLANG_WARN_STRICT_PROTOTYPES = YES;
				CLANG_WARN_SUSPICIOUS_MOVE = YES;
				CLANG_WARN_UNGUARDED_AVAILABILITY = YES_AGGRESSIVE;
				CLANG_WARN_UNREACHABLE_CODE = YES;
				CLANG_WARN__DUPLICATE_METHOD_MATCH = YES;
				COPY_PHASE_STRIP = NO;
				DEBUG_INFORMATION_FORMAT = dwarf;
				ENABLE_STRICT_OBJC_MSGSEND = YES;
				ENABLE_TESTABILITY = YES;
				ENABLE_USER_SCRIPT_SANDBOXING = YES;
				GCC_C_LANGUAGE_STANDARD = gnu17;
				GCC_DYNAMIC_NO_PIC = NO;
				GCC_NO_COMMON_BLOCKS = YES;
				GCC_OPTIMIZATION_LEVEL = 0;
				GCC_PREPROCESSOR_DEFINITIONS = (
					"DEBUG=1",
					"$(inherited)",
				);
				GCC_WARN_64_TO_32_BIT_CONVERSION = YES;
				GCC_WARN_ABOUT_RETURN_TYPE = YES_ERROR;
				GCC_WARN_UNDECLARED_SELECTOR = YES;
				GCC_WARN_UNINITIALIZED_AUTOS = YES_AGGRESSIVE;
				GCC_WARN_UNUSED_FUNCTION = YES;
				GCC_WARN_UNUSED_VARIABLE = YES;
				IPHONEOS_DEPLOYMENT_TARGET = 17.2;
				LOCALIZATION_PREFERS_STRING_CATALOGS = YES;
				MTL_ENABLE_DEBUG_INFO = INCLUDE_SOURCE;
				MTL_FAST_MATH = YES;
				ONLY_ACTIVE_ARCH = YES;
				SDKROOT = iphoneos;
				SWIFT_ACTIVE_COMPILATION_CONDITIONS = "DEBUG $(inherited)";
				SWIFT_OPTIMIZATION_LEVEL = "-Onone";
			};
			name = Debug;
		};
		FFD62DBF2B8B2A4200FDCB75 /* Release */ = {
			isa = XCBuildConfiguration;
			buildSettings = {
				ALWAYS_SEARCH_USER_PATHS = NO;
				ASSETCATALOG_COMPILER_GENERATE_SWIFT_ASSET_SYMBOL_EXTENSIONS = YES;
				CLANG_ANALYZER_NONNULL = YES;
				CLANG_ANALYZER_NUMBER_OBJECT_CONVERSION = YES_AGGRESSIVE;
				CLANG_CXX_LANGUAGE_STANDARD = "gnu++20";
				CLANG_ENABLE_MODULES = YES;
				CLANG_ENABLE_OBJC_ARC = YES;
				CLANG_ENABLE_OBJC_WEAK = YES;
				CLANG_WARN_BLOCK_CAPTURE_AUTORELEASING = YES;
				CLANG_WARN_BOOL_CONVERSION = YES;
				CLANG_WARN_COMMA = YES;
				CLANG_WARN_CONSTANT_CONVERSION = YES;
				CLANG_WARN_DEPRECATED_OBJC_IMPLEMENTATIONS = YES;
				CLANG_WARN_DIRECT_OBJC_ISA_USAGE = YES_ERROR;
				CLANG_WARN_DOCUMENTATION_COMMENTS = YES;
				CLANG_WARN_EMPTY_BODY = YES;
				CLANG_WARN_ENUM_CONVERSION = YES;
				CLANG_WARN_INFINITE_RECURSION = YES;
				CLANG_WARN_INT_CONVERSION = YES;
				CLANG_WARN_NON_LITERAL_NULL_CONVERSION = YES;
				CLANG_WARN_OBJC_IMPLICIT_RETAIN_SELF = YES;
				CLANG_WARN_OBJC_LITERAL_CONVERSION = YES;
				CLANG_WARN_OBJC_ROOT_CLASS = YES_ERROR;
				CLANG_WARN_QUOTED_INCLUDE_IN_FRAMEWORK_HEADER = YES;
				CLANG_WARN_RANGE_LOOP_ANALYSIS = YES;
				CLANG_WARN_STRICT_PROTOTYPES = YES;
				CLANG_WARN_SUSPICIOUS_MOVE = YES;
				CLANG_WARN_UNGUARDED_AVAILABILITY = YES_AGGRESSIVE;
				CLANG_WARN_UNREACHABLE_CODE = YES;
				CLANG_WARN__DUPLICATE_METHOD_MATCH = YES;
				COPY_PHASE_STRIP = NO;
				DEBUG_INFORMATION_FORMAT = "dwarf-with-dsym";
				ENABLE_NS_ASSERTIONS = NO;
				ENABLE_STRICT_OBJC_MSGSEND = YES;
				ENABLE_USER_SCRIPT_SANDBOXING = YES;
				GCC_C_LANGUAGE_STANDARD = gnu17;
				GCC_NO_COMMON_BLOCKS = YES;
				GCC_WARN_64_TO_32_BIT_CONVERSION = YES;
				GCC_WARN_ABOUT_RETURN_TYPE = YES_ERROR;
				GCC_WARN_UNDECLARED_SELECTOR = YES;
				GCC_WARN_UNINITIALIZED_AUTOS = YES_AGGRESSIVE;
				GCC_WARN_UNUSED_FUNCTION = YES;
				GCC_WARN_UNUSED_VARIABLE = YES;
				IPHONEOS_DEPLOYMENT_TARGET = 17.2;
				LOCALIZATION_PREFERS_STRING_CATALOGS = YES;
				MTL_ENABLE_DEBUG_INFO = NO;
				MTL_FAST_MATH = YES;
				SDKROOT = iphoneos;
				SWIFT_COMPILATION_MODE = wholemodule;
				VALIDATE_PRODUCT = YES;
			};
			name = Release;
		};
		FFD62DC12B8B2A4200FDCB75 /* Debug */ = {
			isa = XCBuildConfiguration;
			buildSettings = {
				ALWAYS_EMBED_SWIFT_STANDARD_LIBRARIES = YES;
				ASSETCATALOG_COMPILER_APPICON_NAME = AppIcon;
				ASSETCATALOG_COMPILER_GLOBAL_ACCENT_COLOR_NAME = AccentColor;
				CODE_SIGN_ENTITLEMENTS = Stash/Stash.entitlements;
				CODE_SIGN_STYLE = Automatic;
				CURRENT_PROJECT_VERSION = 1;
				DEVELOPMENT_ASSET_PATHS = "\"Stash/Preview Content\"";
				DEVELOPMENT_TEAM = A83BPKB32J;
				ENABLE_PREVIEWS = YES;
				GENERATE_INFOPLIST_FILE = YES;
				INFOPLIST_KEY_UIApplicationSceneManifest_Generation = YES;
				INFOPLIST_KEY_UIApplicationSupportsIndirectInputEvents = YES;
				INFOPLIST_KEY_UILaunchScreen_Generation = YES;
				INFOPLIST_KEY_UISupportedInterfaceOrientations_iPad = "UIInterfaceOrientationPortrait UIInterfaceOrientationPortraitUpsideDown UIInterfaceOrientationLandscapeLeft UIInterfaceOrientationLandscapeRight";
				INFOPLIST_KEY_UISupportedInterfaceOrientations_iPhone = "UIInterfaceOrientationPortrait UIInterfaceOrientationLandscapeLeft UIInterfaceOrientationLandscapeRight";
				IPHONEOS_DEPLOYMENT_TARGET = 17.0;
				LD_RUNPATH_SEARCH_PATHS = (
					"$(inherited)",
					"@executable_path/Frameworks",
				);
				MARKETING_VERSION = 1.0;
				PRODUCT_BUNDLE_IDENTIFIER = com.devcrazelu.Stash;
				PRODUCT_NAME = "$(TARGET_NAME)";
				SWIFT_EMIT_LOC_STRINGS = YES;
				SWIFT_VERSION = 5.0;
				TARGETED_DEVICE_FAMILY = "1,2";
			};
			name = Debug;
		};
		FFD62DC22B8B2A4200FDCB75 /* Release */ = {
			isa = XCBuildConfiguration;
			buildSettings = {
				ALWAYS_EMBED_SWIFT_STANDARD_LIBRARIES = YES;
				ASSETCATALOG_COMPILER_APPICON_NAME = AppIcon;
				ASSETCATALOG_COMPILER_GLOBAL_ACCENT_COLOR_NAME = AccentColor;
				CODE_SIGN_ENTITLEMENTS = Stash/Stash.entitlements;
				CODE_SIGN_STYLE = Automatic;
				CURRENT_PROJECT_VERSION = 1;
				DEVELOPMENT_ASSET_PATHS = "\"Stash/Preview Content\"";
				DEVELOPMENT_TEAM = A83BPKB32J;
				ENABLE_PREVIEWS = YES;
				GENERATE_INFOPLIST_FILE = YES;
				INFOPLIST_KEY_UIApplicationSceneManifest_Generation = YES;
				INFOPLIST_KEY_UIApplicationSupportsIndirectInputEvents = YES;
				INFOPLIST_KEY_UILaunchScreen_Generation = YES;
				INFOPLIST_KEY_UISupportedInterfaceOrientations_iPad = "UIInterfaceOrientationPortrait UIInterfaceOrientationPortraitUpsideDown UIInterfaceOrientationLandscapeLeft UIInterfaceOrientationLandscapeRight";
				INFOPLIST_KEY_UISupportedInterfaceOrientations_iPhone = "UIInterfaceOrientationPortrait UIInterfaceOrientationLandscapeLeft UIInterfaceOrientationLandscapeRight";
				IPHONEOS_DEPLOYMENT_TARGET = 17.0;
				LD_RUNPATH_SEARCH_PATHS = (
					"$(inherited)",
					"@executable_path/Frameworks",
				);
				MARKETING_VERSION = 1.0;
				PRODUCT_BUNDLE_IDENTIFIER = com.devcrazelu.Stash;
				PRODUCT_NAME = "$(TARGET_NAME)";
				SWIFT_EMIT_LOC_STRINGS = YES;
				SWIFT_VERSION = 5.0;
				TARGETED_DEVICE_FAMILY = "1,2";
			};
			name = Release;
		};
		FFD62E2D2B8B9C5A00FDCB75 /* Debug */ = {
			isa = XCBuildConfiguration;
			buildSettings = {
				ARCHS = "$(ARCHS_STANDARD_64_BIT)";
				CODE_SIGN_ENTITLEMENTS = CallDirectoryExtension/CallDirectoryExtension.entitlements;
				CODE_SIGN_STYLE = Automatic;
				CURRENT_PROJECT_VERSION = 1;
				DEVELOPMENT_TEAM = A83BPKB32J;
				GENERATE_INFOPLIST_FILE = YES;
				INFOPLIST_FILE = CallDirectoryExtension/Info.plist;
				INFOPLIST_KEY_CFBundleDisplayName = CallDirectoryExtension;
				INFOPLIST_KEY_NSHumanReadableCopyright = "";
				LD_RUNPATH_SEARCH_PATHS = (
					"$(inherited)",
					"@executable_path/Frameworks",
					"@executable_path/../../Frameworks",
				);
				MARKETING_VERSION = 1.0;
				PRODUCT_BUNDLE_IDENTIFIER = com.devcrazelu.Stash.CallDirectoryExtension;
				PRODUCT_NAME = "$(TARGET_NAME)";
				SKIP_INSTALL = YES;
				SWIFT_EMIT_LOC_STRINGS = YES;
				SWIFT_VERSION = 5.0;
				TARGETED_DEVICE_FAMILY = "1,2";
			};
			name = Debug;
		};
		FFD62E2E2B8B9C5A00FDCB75 /* Release */ = {
			isa = XCBuildConfiguration;
			buildSettings = {
				ARCHS = "$(ARCHS_STANDARD_64_BIT)";
				CODE_SIGN_ENTITLEMENTS = CallDirectoryExtension/CallDirectoryExtension.entitlements;
				CODE_SIGN_STYLE = Automatic;
				CURRENT_PROJECT_VERSION = 1;
				DEVELOPMENT_TEAM = A83BPKB32J;
				GENERATE_INFOPLIST_FILE = YES;
				INFOPLIST_FILE = CallDirectoryExtension/Info.plist;
				INFOPLIST_KEY_CFBundleDisplayName = CallDirectoryExtension;
				INFOPLIST_KEY_NSHumanReadableCopyright = "";
				LD_RUNPATH_SEARCH_PATHS = (
					"$(inherited)",
					"@executable_path/Frameworks",
					"@executable_path/../../Frameworks",
				);
				MARKETING_VERSION = 1.0;
				PRODUCT_BUNDLE_IDENTIFIER = com.devcrazelu.Stash.CallDirectoryExtension;
				PRODUCT_NAME = "$(TARGET_NAME)";
				SKIP_INSTALL = YES;
				SWIFT_EMIT_LOC_STRINGS = YES;
				SWIFT_VERSION = 5.0;
				TARGETED_DEVICE_FAMILY = "1,2";
			};
			name = Release;
		};
/* End XCBuildConfiguration section */

/* Begin XCConfigurationList section */
		FFD62DAD2B8B2A4100FDCB75 /* Build configuration list for PBXProject "Stash" */ = {
			isa = XCConfigurationList;
			buildConfigurations = (
				FFD62DBE2B8B2A4200FDCB75 /* Debug */,
				FFD62DBF2B8B2A4200FDCB75 /* Release */,
			);
			defaultConfigurationIsVisible = 0;
			defaultConfigurationName = Release;
		};
		FFD62DC02B8B2A4200FDCB75 /* Build configuration list for PBXNativeTarget "Stash" */ = {
			isa = XCConfigurationList;
			buildConfigurations = (
				FFD62DC12B8B2A4200FDCB75 /* Debug */,
				FFD62DC22B8B2A4200FDCB75 /* Release */,
			);
			defaultConfigurationIsVisible = 0;
			defaultConfigurationName = Release;
		};
		FFD62E2F2B8B9C5A00FDCB75 /* Build configuration list for PBXNativeTarget "CallDirectoryExtension" */ = {
			isa = XCConfigurationList;
			buildConfigurations = (
				FFD62E2D2B8B9C5A00FDCB75 /* Debug */,
				FFD62E2E2B8B9C5A00FDCB75 /* Release */,
			);
			defaultConfigurationIsVisible = 0;
			defaultConfigurationName = Release;
		};
/* End XCConfigurationList section */
	};
	rootObject = FFD62DAA2B8B2A4100FDCB75 /* Project object */;
}
